
Microsoft Visual Studio Solution File, Format Version 12.00
# Visual Studio Version 17
VisualStudioVersion = 17.0.31903.59
MinimumVisualStudioVersion = 10.0.40219.1
Project("{FAE04EC0-301F-11D3-BF4B-00C04F79EFBC}") = "McpTools", "McpTools\McpTools.csproj", "{64C5FF9C-CBD2-4F85-BD7B-04BF514C341C}"
EndProject
Project("{FAE04EC0-301F-11D3-BF4B-00C04F79EFBC}") = "McpTestClient", "McpTestClient\McpTestClient.csproj", "{81CC7E38-C0BA-4BCB-94DD-739D596FBD5E}"
EndProject
Project("{FAE04EC0-301F-11D3-BF4B-00C04F79EFBC}") = "McpTools.Tests", "..\tests\McpTools.Tests\McpTools.Tests.csproj", "{9ABA418D-F071-47C8-B4BE-F94A8292B30F}"
EndProject
Project("{FAE04EC0-301F-11D3-BF4B-00C04F79EFBC}") = "DownstreamOrdersApi", "DownstreamOrdersApi\DownstreamOrdersApi.csproj", "{B6223E16-9352-4E58-9E69-113F3526A23F}"
EndProject
Project("{FAE04EC0-301F-11D3-BF4B-00C04F79EFBC}") = "DownstreamOrdersApi.Tests", "..\tests\DownstreamOrdersApi.Tests\DownstreamOrdersApi.Tests.csproj", "{D50D2783-1F56-4AD7-A352-ABCDDAF7F422}"
EndProject
Global
	GlobalSection(SolutionConfigurationPlatforms) = preSolution
		Debug|Any CPU = Debug|Any CPU
		Debug|x64 = Debug|x64
		Debug|x86 = Debug|x86
		Release|Any CPU = Release|Any CPU
		Release|x64 = Release|x64
		Release|x86 = Release|x86
	EndGlobalSection
	GlobalSection(ProjectConfigurationPlatforms) = postSolution
		{64C5FF9C-CBD2-4F85-BD7B-04BF514C341C}.Debug|Any CPU.ActiveCfg = Debug|Any CPU
		{64C5FF9C-CBD2-4F85-BD7B-04BF514C341C}.Debug|Any CPU.Build.0 = Debug|Any CPU
		{64C5FF9C-CBD2-4F85-BD7B-04BF514C341C}.Debug|x64.ActiveCfg = Debug|Any CPU
		{64C5FF9C-CBD2-4F85-BD7B-04BF514C341C}.Debug|x64.Build.0 = Debug|Any CPU
		{64C5FF9C-CBD2-4F85-BD7B-04BF514C341C}.Debug|x86.ActiveCfg = Debug|Any CPU
		{64C5FF9C-CBD2-4F85-BD7B-04BF514C341C}.Debug|x86.Build.0 = Debug|Any CPU
		{64C5FF9C-CBD2-4F85-BD7B-04BF514C341C}.Release|Any CPU.ActiveCfg = Release|Any CPU
		{64C5FF9C-CBD2-4F85-BD7B-04BF514C341C}.Release|Any CPU.Build.0 = Release|Any CPU
		{64C5FF9C-CBD2-4F85-BD7B-04BF514C341C}.Release|x64.ActiveCfg = Release|Any CPU
		{64C5FF9C-CBD2-4F85-BD7B-04BF514C341C}.Release|x64.Build.0 = Release|Any CPU
		{64C5FF9C-CBD2-4F85-BD7B-04BF514C341C}.Release|x86.ActiveCfg = Release|Any CPU
		{64C5FF9C-CBD2-4F85-BD7B-04BF514C341C}.Release|x86.Build.0 = Release|Any CPU
		{81CC7E38-C0BA-4BCB-94DD-739D596FBD5E}.Debug|Any CPU.ActiveCfg = Debug|Any CPU
		{81CC7E38-C0BA-4BCB-94DD-739D596FBD5E}.Debug|Any CPU.Build.0 = Debug|Any CPU
		{81CC7E38-C0BA-4BCB-94DD-739D596FBD5E}.Debug|x64.ActiveCfg = Debug|Any CPU
		{81CC7E38-C0BA-4BCB-94DD-739D596FBD5E}.Debug|x64.Build.0 = Debug|Any CPU
		{81CC7E38-C0BA-4BCB-94DD-739D596FBD5E}.Debug|x86.ActiveCfg = Debug|Any CPU
		{81CC7E38-C0BA-4BCB-94DD-739D596FBD5E}.Debug|x86.Build.0 = Debug|Any CPU
		{81CC7E38-C0BA-4BCB-94DD-739D596FBD5E}.Release|Any CPU.ActiveCfg = Release|Any CPU
		{81CC7E38-C0BA-4BCB-94DD-739D596FBD5E}.Release|Any CPU.Build.0 = Release|Any CPU
		{81CC7E38-C0BA-4BCB-94DD-739D596FBD5E}.Release|x64.ActiveCfg = Release|Any CPU
		{81CC7E38-C0BA-4BCB-94DD-739D596FBD5E}.Release|x64.Build.0 = Release|Any CPU
		{81CC7E38-C0BA-4BCB-94DD-739D596FBD5E}.Release|x86.ActiveCfg = Release|Any CPU
		{81CC7E38-C0BA-4BCB-94DD-739D596FBD5E}.Release|x86.Build.0 = Release|Any CPU
		{9ABA418D-F071-47C8-B4BE-F94A8292B30F}.Debug|Any CPU.ActiveCfg = Debug|Any CPU
		{9ABA418D-F071-47C8-B4BE-F94A8292B30F}.Debug|Any CPU.Build.0 = Debug|Any CPU
		{9ABA418D-F071-47C8-B4BE-F94A8292B30F}.Debug|x64.ActiveCfg = Debug|Any CPU
		{9ABA418D-F071-47C8-B4BE-F94A8292B30F}.Debug|x64.Build.0 = Debug|Any CPU
		{9ABA418D-F071-47C8-B4BE-F94A8292B30F}.Debug|x86.ActiveCfg = Debug|Any CPU
		{9ABA418D-F071-47C8-B4BE-F94A8292B30F}.Debug|x86.Build.0 = Debug|Any CPU
		{9ABA418D-F071-47C8-B4BE-F94A8292B30F}.Release|Any CPU.ActiveCfg = Release|Any CPU
		{9ABA418D-F071-47C8-B4BE-F94A8292B30F}.Release|Any CPU.Build.0 = Release|Any CPU
		{9ABA418D-F071-47C8-B4BE-F94A8292B30F}.Release|x64.ActiveCfg = Release|Any CPU
		{9ABA418D-F071-47C8-B4BE-F94A8292B30F}.Release|x64.Build.0 = Release|Any CPU
		{9ABA418D-F071-47C8-B4BE-F94A8292B30F}.Release|x86.ActiveCfg = Release|Any CPU
		{9ABA418D-F071-47C8-B4BE-F94A8292B30F}.Release|x86.Build.0 = Release|Any CPU
		{B6223E16-9352-4E58-9E69-113F3526A23F}.Debug|Any CPU.ActiveCfg = Debug|Any CPU
		{B6223E16-9352-4E58-9E69-113F3526A23F}.Debug|Any CPU.Build.0 = Debug|Any CPU
		{B6223E16-9352-4E58-9E69-113F3526A23F}.Debug|x64.ActiveCfg = Debug|Any CPU
		{B6223E16-9352-4E58-9E69-113F3526A23F}.Debug|x64.Build.0 = Debug|Any CPU
		{B6223E16-9352-4E58-9E69-113F3526A23F}.Debug|x86.ActiveCfg = Debug|Any CPU
		{B6223E16-9352-4E58-9E69-113F3526A23F}.Debug|x86.Build.0 = Debug|Any CPU
		{B6223E16-9352-4E58-9E69-113F3526A23F}.Release|Any CPU.ActiveCfg = Release|Any CPU
		{B6223E16-9352-4E58-9E69-113F3526A23F}.Release|Any CPU.Build.0 = Release|Any CPU
		{B6223E16-9352-4E58-9E69-113F3526A23F}.Release|x64.ActiveCfg = Release|Any CPU
		{B6223E16-9352-4E58-9E69-113F3526A23F}.Release|x64.Build.0 = Release|Any CPU
		{B6223E16-9352-4E58-9E69-113F3526A23F}.Release|x86.ActiveCfg = Release|Any CPU
		{B6223E16-9352-4E58-9E69-113F3526A23F}.Release|x86.Build.0 = Release|Any CPU
		{D50D2783-1F56-4AD7-A352-ABCDDAF7F422}.Debug|Any CPU.ActiveCfg = Debug|Any CPU
		{D50D2783-1F56-4AD7-A352-ABCDDAF7F422}.Debug|Any CPU.Build.0 = Debug|Any CPU
		{D50D2783-1F56-4AD7-A352-ABCDDAF7F422}.Debug|x64.ActiveCfg = Debug|Any CPU
		{D50D2783-1F56-4AD7-A352-ABCDDAF7F422}.Debug|x64.Build.0 = Debug|Any CPU
		{D50D2783-1F56-4AD7-A352-ABCDDAF7F422}.Debug|x86.ActiveCfg = Debug|Any CPU
		{D50D2783-1F56-4AD7-A352-ABCDDAF7F422}.Debug|x86.Build.0 = Debug|Any CPU
		{D50D2783-1F56-4AD7-A352-ABCDDAF7F422}.Release|Any CPU.ActiveCfg = Release|Any CPU
		{D50D2783-1F56-4AD7-A352-ABCDDAF7F422}.Release|Any CPU.Build.0 = Release|Any CPU
		{D50D2783-1F56-4AD7-A352-ABCDDAF7F422}.Release|x64.ActiveCfg = Release|Any CPU
		{D50D2783-1F56-4AD7-A352-ABCDDAF7F422}.Release|x64.Build.0 = Release|Any CPU
		{D50D2783-1F56-4AD7-A352-ABCDDAF7F422}.Release|x86.ActiveCfg = Release|Any CPU
		{D50D2783-1F56-4AD7-A352-ABCDDAF7F422}.Release|x86.Build.0 = Release|Any CPU
	EndGlobalSection
	GlobalSection(SolutionProperties) = preSolution
		HideSolutionNode = FALSE
	EndGlobalSection
EndGlobal
